// !$*UTF8*$!
{
	archiveVersion = 1;
	classes = {
	};
	objectVersion = 46;
	objects = {

/* Begin PBXBuildFile section */
		99638FB913F1D20F0024CAF4 /* Cocoa.framework in Frameworks */ = {isa = PBXBuildFile; fileRef = 99638F8913F1CF740024CAF4 /* Cocoa.framework */; };
		99638FBF13F1D20F0024CAF4 /* InfoPlist.strings in Resources */ = {isa = PBXBuildFile; fileRef = 99638FBD13F1D20F0024CAF4 /* InfoPlist.strings */; };
		998C449C13F1F93400156E0E /* AllJoynStd.h in Headers */ = {isa = PBXBuildFile; fileRef = 998C447D13F1F93400156E0E /* AllJoynStd.h */; };
		998C449D13F1F93400156E0E /* AuthListener.h in Headers */ = {isa = PBXBuildFile; fileRef = 998C447E13F1F93400156E0E /* AuthListener.h */; };
		998C449E13F1F93400156E0E /* BusAttachment.h in Headers */ = {isa = PBXBuildFile; fileRef = 998C447F13F1F93400156E0E /* BusAttachment.h */; };
		998C449F13F1F93400156E0E /* BusListener.h in Headers */ = {isa = PBXBuildFile; fileRef = 998C448013F1F93400156E0E /* BusListener.h */; };
		998C44A013F1F93400156E0E /* BusObject.h in Headers */ = {isa = PBXBuildFile; fileRef = 998C448113F1F93400156E0E /* BusObject.h */; };
		998C44A113F1F93400156E0E /* DBusStd.h in Headers */ = {isa = PBXBuildFile; fileRef = 998C448213F1F93400156E0E /* DBusStd.h */; };
		998C44A213F1F93400156E0E /* InterfaceDescription.h in Headers */ = {isa = PBXBuildFile; fileRef = 998C448313F1F93400156E0E /* InterfaceDescription.h */; };
		998C44A313F1F93400156E0E /* KeyStoreListener.h in Headers */ = {isa = PBXBuildFile; fileRef = 998C448413F1F93400156E0E /* KeyStoreListener.h */; };
		998C44A413F1F93400156E0E /* Message.h in Headers */ = {isa = PBXBuildFile; fileRef = 998C448513F1F93400156E0E /* Message.h */; };
		998C44A513F1F93400156E0E /* MessageReceiver.h in Headers */ = {isa = PBXBuildFile; fileRef = 998C448613F1F93400156E0E /* MessageReceiver.h */; };
		998C44A613F1F93400156E0E /* MessageSink.h in Headers */ = {isa = PBXBuildFile; fileRef = 998C448713F1F93400156E0E /* MessageSink.h */; };
		998C44A713F1F93400156E0E /* MsgArg.h in Headers */ = {isa = PBXBuildFile; fileRef = 998C448813F1F93400156E0E /* MsgArg.h */; };
		998C44A813F1F93400156E0E /* ProxyBusObject.h in Headers */ = {isa = PBXBuildFile; fileRef = 998C448913F1F93400156E0E /* ProxyBusObject.h */; };
		998C44A913F1F93400156E0E /* Session.h in Headers */ = {isa = PBXBuildFile; fileRef = 998C448A13F1F93400156E0E /* Session.h */; };
		998C44AA13F1F93400156E0E /* SessionListener.h in Headers */ = {isa = PBXBuildFile; fileRef = 998C448B13F1F93400156E0E /* SessionListener.h */; };
		998C44AB13F1F93400156E0E /* SessionPortListener.h in Headers */ = {isa = PBXBuildFile; fileRef = 998C448C13F1F93400156E0E /* SessionPortListener.h */; };
		998C44AC13F1F93400156E0E /* SimpleBusListener.h in Headers */ = {isa = PBXBuildFile; fileRef = 998C448D13F1F93400156E0E /* SimpleBusListener.h */; };
		998C44AD13F1F93400156E0E /* TransportMask.h in Headers */ = {isa = PBXBuildFile; fileRef = 998C448E13F1F93400156E0E /* TransportMask.h */; };
		998C44AE13F1F93400156E0E /* version.h in Headers */ = {isa = PBXBuildFile; fileRef = 998C448F13F1F93400156E0E /* version.h */; };
		998C44AF13F1F93400156E0E /* atomic.h in Headers */ = {isa = PBXBuildFile; fileRef = 998C449113F1F93400156E0E /* atomic.h */; };
		998C44B013F1F93400156E0E /* Log.h in Headers */ = {isa = PBXBuildFile; fileRef = 998C449213F1F93400156E0E /* Log.h */; };
		998C44B113F1F93400156E0E /* ManagedObj.h in Headers */ = {isa = PBXBuildFile; fileRef = 998C449313F1F93400156E0E /* ManagedObj.h */; };
		998C44B213F1F93400156E0E /* platform.h in Headers */ = {isa = PBXBuildFile; fileRef = 998C449413F1F93400156E0E /* platform.h */; };
		998C44B313F1F93400156E0E /* atomic.h in Headers */ = {isa = PBXBuildFile; fileRef = 998C449613F1F93400156E0E /* atomic.h */; };
		998C44B413F1F93400156E0E /* platform_types.h in Headers */ = {isa = PBXBuildFile; fileRef = 998C449713F1F93400156E0E /* platform_types.h */; };
		998C44B513F1F93400156E0E /* unicode.h in Headers */ = {isa = PBXBuildFile; fileRef = 998C449813F1F93400156E0E /* unicode.h */; };
		998C44B613F1F93400156E0E /* SocketWrapper.h in Headers */ = {isa = PBXBuildFile; fileRef = 998C449913F1F93400156E0E /* SocketWrapper.h */; };
		998C44B713F1F93400156E0E /* String.h in Headers */ = {isa = PBXBuildFile; fileRef = 998C449A13F1F93400156E0E /* String.h */; };
		998C44B813F1F93400156E0E /* Status.h in Headers */ = {isa = PBXBuildFile; fileRef = 998C449B13F1F93400156E0E /* Status.h */; };
/* End PBXBuildFile section */

/* Begin PBXContainerItemProxy section */
		99638FDC13F1D5F90024CAF4 /* PBXContainerItemProxy */ = {
			isa = PBXContainerItemProxy;
			containerPortal = 99638F7C13F1CF740024CAF4 /* Project object */;
			proxyType = 1;
			remoteGlobalIDString = 99638FC413F1D4B60024CAF4;
			remoteInfo = AllJoynStaticLib;
		};
/* End PBXContainerItemProxy section */

/* Begin PBXFileReference section */
		99638F8913F1CF740024CAF4 /* Cocoa.framework */ = {isa = PBXFileReference; lastKnownFileType = wrapper.framework; name = Cocoa.framework; path = System/Library/Frameworks/Cocoa.framework; sourceTree = SDKROOT; };
		99638F8E13F1CF740024CAF4 /* Foundation.framework */ = {isa = PBXFileReference; lastKnownFileType = wrapper.framework; name = Foundation.framework; path = System/Library/Frameworks/Foundation.framework; sourceTree = SDKROOT; };
		99638FB813F1D20F0024CAF4 /* AllJoyn.framework */ = {isa = PBXFileReference; explicitFileType = wrapper.framework; includeInIndex = 0; path = AllJoyn.framework; sourceTree = BUILT_PRODUCTS_DIR; };
		99638FBC13F1D20F0024CAF4 /* AllJoynFramework-Info.plist */ = {isa = PBXFileReference; lastKnownFileType = text.plist.xml; path = "AllJoynFramework-Info.plist"; sourceTree = "<group>"; };
		99638FBE13F1D20F0024CAF4 /* en */ = {isa = PBXFileReference; lastKnownFileType = text.plist.strings; name = en; path = en.lproj/InfoPlist.strings; sourceTree = "<group>"; };
		99638FC013F1D20F0024CAF4 /* AllJoynFramework-Prefix.pch */ = {isa = PBXFileReference; lastKnownFileType = sourcecode.c.h; path = "AllJoynFramework-Prefix.pch"; sourceTree = "<group>"; };
		998C447D13F1F93400156E0E /* AllJoynStd.h */ = {isa = PBXFileReference; fileEncoding = 4; lastKnownFileType = sourcecode.c.h; path = AllJoynStd.h; sourceTree = "<group>"; };
		998C447E13F1F93400156E0E /* AuthListener.h */ = {isa = PBXFileReference; fileEncoding = 4; lastKnownFileType = sourcecode.c.h; path = AuthListener.h; sourceTree = "<group>"; };
		998C447F13F1F93400156E0E /* BusAttachment.h */ = {isa = PBXFileReference; fileEncoding = 4; lastKnownFileType = sourcecode.c.h; path = BusAttachment.h; sourceTree = "<group>"; };
		998C448013F1F93400156E0E /* BusListener.h */ = {isa = PBXFileReference; fileEncoding = 4; lastKnownFileType = sourcecode.c.h; path = BusListener.h; sourceTree = "<group>"; };
		998C448113F1F93400156E0E /* BusObject.h */ = {isa = PBXFileReference; fileEncoding = 4; lastKnownFileType = sourcecode.c.h; path = BusObject.h; sourceTree = "<group>"; };
		998C448213F1F93400156E0E /* DBusStd.h */ = {isa = PBXFileReference; fileEncoding = 4; lastKnownFileType = sourcecode.c.h; path = DBusStd.h; sourceTree = "<group>"; };
		998C448313F1F93400156E0E /* InterfaceDescription.h */ = {isa = PBXFileReference; fileEncoding = 4; lastKnownFileType = sourcecode.c.h; path = InterfaceDescription.h; sourceTree = "<group>"; };
		998C448413F1F93400156E0E /* KeyStoreListener.h */ = {isa = PBXFileReference; fileEncoding = 4; lastKnownFileType = sourcecode.c.h; path = KeyStoreListener.h; sourceTree = "<group>"; };
		998C448513F1F93400156E0E /* Message.h */ = {isa = PBXFileReference; fileEncoding = 4; lastKnownFileType = sourcecode.c.h; path = Message.h; sourceTree = "<group>"; };
		998C448613F1F93400156E0E /* MessageReceiver.h */ = {isa = PBXFileReference; fileEncoding = 4; lastKnownFileType = sourcecode.c.h; path = MessageReceiver.h; sourceTree = "<group>"; };
		998C448713F1F93400156E0E /* MessageSink.h */ = {isa = PBXFileReference; fileEncoding = 4; lastKnownFileType = sourcecode.c.h; path = MessageSink.h; sourceTree = "<group>"; };
		998C448813F1F93400156E0E /* MsgArg.h */ = {isa = PBXFileReference; fileEncoding = 4; lastKnownFileType = sourcecode.c.h; path = MsgArg.h; sourceTree = "<group>"; };
		998C448913F1F93400156E0E /* ProxyBusObject.h */ = {isa = PBXFileReference; fileEncoding = 4; lastKnownFileType = sourcecode.c.h; path = ProxyBusObject.h; sourceTree = "<group>"; };
		998C448A13F1F93400156E0E /* Session.h */ = {isa = PBXFileReference; fileEncoding = 4; lastKnownFileType = sourcecode.c.h; path = Session.h; sourceTree = "<group>"; };
		998C448B13F1F93400156E0E /* SessionListener.h */ = {isa = PBXFileReference; fileEncoding = 4; lastKnownFileType = sourcecode.c.h; path = SessionListener.h; sourceTree = "<group>"; };
		998C448C13F1F93400156E0E /* SessionPortListener.h */ = {isa = PBXFileReference; fileEncoding = 4; lastKnownFileType = sourcecode.c.h; path = SessionPortListener.h; sourceTree = "<group>"; };
		998C448D13F1F93400156E0E /* SimpleBusListener.h */ = {isa = PBXFileReference; fileEncoding = 4; lastKnownFileType = sourcecode.c.h; path = SimpleBusListener.h; sourceTree = "<group>"; };
		998C448E13F1F93400156E0E /* TransportMask.h */ = {isa = PBXFileReference; fileEncoding = 4; lastKnownFileType = sourcecode.c.h; path = TransportMask.h; sourceTree = "<group>"; };
		998C448F13F1F93400156E0E /* version.h */ = {isa = PBXFileReference; fileEncoding = 4; lastKnownFileType = sourcecode.c.h; path = version.h; sourceTree = "<group>"; };
		998C449113F1F93400156E0E /* atomic.h */ = {isa = PBXFileReference; fileEncoding = 4; lastKnownFileType = sourcecode.c.h; path = atomic.h; sourceTree = "<group>"; };
		998C449213F1F93400156E0E /* Log.h */ = {isa = PBXFileReference; fileEncoding = 4; lastKnownFileType = sourcecode.c.h; path = Log.h; sourceTree = "<group>"; };
		998C449313F1F93400156E0E /* ManagedObj.h */ = {isa = PBXFileReference; fileEncoding = 4; lastKnownFileType = sourcecode.c.h; path = ManagedObj.h; sourceTree = "<group>"; };
		998C449413F1F93400156E0E /* platform.h */ = {isa = PBXFileReference; fileEncoding = 4; lastKnownFileType = sourcecode.c.h; path = platform.h; sourceTree = "<group>"; };
		998C449613F1F93400156E0E /* atomic.h */ = {isa = PBXFileReference; fileEncoding = 4; lastKnownFileType = sourcecode.c.h; path = atomic.h; sourceTree = "<group>"; };
		998C449713F1F93400156E0E /* platform_types.h */ = {isa = PBXFileReference; fileEncoding = 4; lastKnownFileType = sourcecode.c.h; path = platform_types.h; sourceTree = "<group>"; };
		998C449813F1F93400156E0E /* unicode.h */ = {isa = PBXFileReference; fileEncoding = 4; lastKnownFileType = sourcecode.c.h; path = unicode.h; sourceTree = "<group>"; };
		998C449913F1F93400156E0E /* SocketWrapper.h */ = {isa = PBXFileReference; fileEncoding = 4; lastKnownFileType = sourcecode.c.h; path = SocketWrapper.h; sourceTree = "<group>"; };
		998C449A13F1F93400156E0E /* String.h */ = {isa = PBXFileReference; fileEncoding = 4; lastKnownFileType = sourcecode.c.h; path = String.h; sourceTree = "<group>"; };
		998C449B13F1F93400156E0E /* Status.h */ = {isa = PBXFileReference; fileEncoding = 4; lastKnownFileType = sourcecode.c.h; path = Status.h; sourceTree = "<group>"; };
/* End PBXFileReference section */

/* Begin PBXFrameworksBuildPhase section */
		99638FB413F1D20F0024CAF4 /* Frameworks */ = {
			isa = PBXFrameworksBuildPhase;
			buildActionMask = 2147483647;
			files = (
				99638FB913F1D20F0024CAF4 /* Cocoa.framework in Frameworks */,
			);
			runOnlyForDeploymentPostprocessing = 0;
		};
/* End PBXFrameworksBuildPhase section */

/* Begin PBXGroup section */
		99638F7A13F1CF740024CAF4 = {
			isa = PBXGroup;
			children = (
				998C447A13F1F00100156E0E /* Source */,
				99638FBA13F1D20F0024CAF4 /* AllJoynFramework */,
				99638F8813F1CF740024CAF4 /* Frameworks */,
				99638F8713F1CF740024CAF4 /* Products */,
			);
			sourceTree = "<group>";
		};
		99638F8713F1CF740024CAF4 /* Products */ = {
			isa = PBXGroup;
			children = (
				99638FB813F1D20F0024CAF4 /* AllJoyn.framework */,
			);
			name = Products;
			sourceTree = "<group>";
		};
		99638F8813F1CF740024CAF4 /* Frameworks */ = {
			isa = PBXGroup;
			children = (
				99638F8913F1CF740024CAF4 /* Cocoa.framework */,
				99638F8B13F1CF740024CAF4 /* Other Frameworks */,
			);
			name = Frameworks;
			sourceTree = "<group>";
		};
		99638F8B13F1CF740024CAF4 /* Other Frameworks */ = {
			isa = PBXGroup;
			children = (
				99638F8E13F1CF740024CAF4 /* Foundation.framework */,
			);
			name = "Other Frameworks";
			sourceTree = "<group>";
		};
		99638FBA13F1D20F0024CAF4 /* AllJoynFramework */ = {
			isa = PBXGroup;
			children = (
				998C447B13F1F93400156E0E /* build-inc */,
				99638FBB13F1D20F0024CAF4 /* Supporting Files */,
			);
			path = AllJoynFramework;
			sourceTree = "<group>";
		};
		99638FBB13F1D20F0024CAF4 /* Supporting Files */ = {
			isa = PBXGroup;
			children = (
				99638FBC13F1D20F0024CAF4 /* AllJoynFramework-Info.plist */,
				99638FBD13F1D20F0024CAF4 /* InfoPlist.strings */,
				99638FC013F1D20F0024CAF4 /* AllJoynFramework-Prefix.pch */,
			);
			name = "Supporting Files";
			sourceTree = "<group>";
		};
		998C447A13F1F00100156E0E /* Source */ = {
			isa = PBXGroup;
			children = (
			);
			name = Source;
			sourceTree = "<group>";
		};
		998C447B13F1F93400156E0E /* build-inc */ = {
			isa = PBXGroup;
			children = (
				998C447C13F1F93400156E0E /* alljoyn */,
				998C449013F1F93400156E0E /* qcc */,
				998C449B13F1F93400156E0E /* Status.h */,
			);
			name = "build-inc";
			path = ../../../../build/darwin/x86/debug/dist/inc;
			sourceTree = "<group>";
		};
		998C447C13F1F93400156E0E /* alljoyn */ = {
			isa = PBXGroup;
			children = (
				998C447D13F1F93400156E0E /* AllJoynStd.h */,
				998C447E13F1F93400156E0E /* AuthListener.h */,
				998C447F13F1F93400156E0E /* BusAttachment.h */,
				998C448013F1F93400156E0E /* BusListener.h */,
				998C448113F1F93400156E0E /* BusObject.h */,
				998C448213F1F93400156E0E /* DBusStd.h */,
				998C448313F1F93400156E0E /* InterfaceDescription.h */,
				998C448413F1F93400156E0E /* KeyStoreListener.h */,
				998C448513F1F93400156E0E /* Message.h */,
				998C448613F1F93400156E0E /* MessageReceiver.h */,
				998C448713F1F93400156E0E /* MessageSink.h */,
				998C448813F1F93400156E0E /* MsgArg.h */,
				998C448913F1F93400156E0E /* ProxyBusObject.h */,
				998C448A13F1F93400156E0E /* Session.h */,
				998C448B13F1F93400156E0E /* SessionListener.h */,
				998C448C13F1F93400156E0E /* SessionPortListener.h */,
				998C448D13F1F93400156E0E /* SimpleBusListener.h */,
				998C448E13F1F93400156E0E /* TransportMask.h */,
				998C448F13F1F93400156E0E /* version.h */,
			);
			path = alljoyn;
			sourceTree = "<group>";
		};
		998C449013F1F93400156E0E /* qcc */ = {
			isa = PBXGroup;
			children = (
				998C449113F1F93400156E0E /* atomic.h */,
				998C449213F1F93400156E0E /* Log.h */,
				998C449313F1F93400156E0E /* ManagedObj.h */,
				998C449413F1F93400156E0E /* platform.h */,
				998C449513F1F93400156E0E /* posix */,
				998C449913F1F93400156E0E /* SocketWrapper.h */,
				998C449A13F1F93400156E0E /* String.h */,
			);
			path = qcc;
			sourceTree = "<group>";
		};
		998C449513F1F93400156E0E /* posix */ = {
			isa = PBXGroup;
			children = (
				998C449613F1F93400156E0E /* atomic.h */,
				998C449713F1F93400156E0E /* platform_types.h */,
				998C449813F1F93400156E0E /* unicode.h */,
			);
			path = posix;
			sourceTree = "<group>";
		};
/* End PBXGroup section */

/* Begin PBXHeadersBuildPhase section */
		99638FB513F1D20F0024CAF4 /* Headers */ = {
			isa = PBXHeadersBuildPhase;
			buildActionMask = 2147483647;
			files = (
				998C449C13F1F93400156E0E /* AllJoynStd.h in Headers */,
				998C449D13F1F93400156E0E /* AuthListener.h in Headers */,
				998C449E13F1F93400156E0E /* BusAttachment.h in Headers */,
				998C449F13F1F93400156E0E /* BusListener.h in Headers */,
				998C44A013F1F93400156E0E /* BusObject.h in Headers */,
				998C44A113F1F93400156E0E /* DBusStd.h in Headers */,
				998C44A213F1F93400156E0E /* InterfaceDescription.h in Headers */,
				998C44A313F1F93400156E0E /* KeyStoreListener.h in Headers */,
				998C44A413F1F93400156E0E /* Message.h in Headers */,
				998C44A513F1F93400156E0E /* MessageReceiver.h in Headers */,
				998C44A613F1F93400156E0E /* MessageSink.h in Headers */,
				998C44A713F1F93400156E0E /* MsgArg.h in Headers */,
				998C44A813F1F93400156E0E /* ProxyBusObject.h in Headers */,
				998C44A913F1F93400156E0E /* Session.h in Headers */,
				998C44AA13F1F93400156E0E /* SessionListener.h in Headers */,
				998C44AB13F1F93400156E0E /* SessionPortListener.h in Headers */,
				998C44AC13F1F93400156E0E /* SimpleBusListener.h in Headers */,
				998C44AD13F1F93400156E0E /* TransportMask.h in Headers */,
				998C44AE13F1F93400156E0E /* version.h in Headers */,
				998C44AF13F1F93400156E0E /* atomic.h in Headers */,
				998C44B013F1F93400156E0E /* Log.h in Headers */,
				998C44B113F1F93400156E0E /* ManagedObj.h in Headers */,
				998C44B213F1F93400156E0E /* platform.h in Headers */,
				998C44B313F1F93400156E0E /* atomic.h in Headers */,
				998C44B413F1F93400156E0E /* platform_types.h in Headers */,
				998C44B513F1F93400156E0E /* unicode.h in Headers */,
				998C44B613F1F93400156E0E /* SocketWrapper.h in Headers */,
				998C44B713F1F93400156E0E /* String.h in Headers */,
				998C44B813F1F93400156E0E /* Status.h in Headers */,
			);
			runOnlyForDeploymentPostprocessing = 0;
		};
/* End PBXHeadersBuildPhase section */

/* Begin PBXLegacyTarget section */
		99638FC413F1D4B60024CAF4 /* AllJoynStaticLib */ = {
			isa = PBXLegacyTarget;
			buildArgumentsString = "-u OS=darwin --$(ACTION)";
			buildConfigurationList = 99638FC513F1D4B60024CAF4 /* Build configuration list for PBXLegacyTarget "AllJoynStaticLib" */;
			buildPhases = (
			);
			buildToolPath = /usr/local/bin/scons;
			buildWorkingDirectory = "$(QCC_ALLJOYN_CORE_DIR)";
			dependencies = (
			);
			name = AllJoynStaticLib;
			passBuildSettingsInEnvironment = 1;
			productName = AllJoynStaticLib;
		};
/* End PBXLegacyTarget section */

/* Begin PBXNativeTarget section */
		99638FB713F1D20F0024CAF4 /* AllJoynFramework */ = {
			isa = PBXNativeTarget;
			buildConfigurationList = 99638FC113F1D20F0024CAF4 /* Build configuration list for PBXNativeTarget "AllJoynFramework" */;
			buildPhases = (
				99638FB313F1D20F0024CAF4 /* Sources */,
				99638FB413F1D20F0024CAF4 /* Frameworks */,
				99638FB513F1D20F0024CAF4 /* Headers */,
				99638FB613F1D20F0024CAF4 /* Resources */,
			);
			buildRules = (
			);
			dependencies = (
				99638FDD13F1D5F90024CAF4 /* PBXTargetDependency */,
			);
			name = AllJoynFramework;
			productName = AllJoynFramework;
			productReference = 99638FB813F1D20F0024CAF4 /* AllJoyn.framework */;
			productType = "com.apple.product-type.framework";
		};
/* End PBXNativeTarget section */

/* Begin PBXProject section */
		99638F7C13F1CF740024CAF4 /* Project object */ = {
			isa = PBXProject;
			attributes = {
				ORGANIZATIONNAME = "imadjine, LLC";
			};
			buildConfigurationList = 99638F7F13F1CF740024CAF4 /* Build configuration list for PBXProject "AllJoyn" */;
			compatibilityVersion = "Xcode 3.2";
			developmentRegion = English;
			hasScannedForEncodings = 0;
			knownRegions = (
				en,
			);
			mainGroup = 99638F7A13F1CF740024CAF4;
			productRefGroup = 99638F8713F1CF740024CAF4 /* Products */;
			projectDirPath = "";
			projectRoot = "";
			targets = (
				99638FB713F1D20F0024CAF4 /* AllJoynFramework */,
				99638FC413F1D4B60024CAF4 /* AllJoynStaticLib */,
			);
		};
/* End PBXProject section */

/* Begin PBXResourcesBuildPhase section */
		99638FB613F1D20F0024CAF4 /* Resources */ = {
			isa = PBXResourcesBuildPhase;
			buildActionMask = 2147483647;
			files = (
				99638FBF13F1D20F0024CAF4 /* InfoPlist.strings in Resources */,
			);
			runOnlyForDeploymentPostprocessing = 0;
		};
/* End PBXResourcesBuildPhase section */

/* Begin PBXSourcesBuildPhase section */
		99638FB313F1D20F0024CAF4 /* Sources */ = {
			isa = PBXSourcesBuildPhase;
			buildActionMask = 2147483647;
			files = (
			);
			runOnlyForDeploymentPostprocessing = 0;
		};
/* End PBXSourcesBuildPhase section */

/* Begin PBXTargetDependency section */
		99638FDD13F1D5F90024CAF4 /* PBXTargetDependency */ = {
			isa = PBXTargetDependency;
			target = 99638FC413F1D4B60024CAF4 /* AllJoynStaticLib */;
			targetProxy = 99638FDC13F1D5F90024CAF4 /* PBXContainerItemProxy */;
		};
/* End PBXTargetDependency section */

/* Begin PBXVariantGroup section */
		99638FBD13F1D20F0024CAF4 /* InfoPlist.strings */ = {
			isa = PBXVariantGroup;
			children = (
				99638FBE13F1D20F0024CAF4 /* en */,
			);
			name = InfoPlist.strings;
			sourceTree = "<group>";
		};
/* End PBXVariantGroup section */

/* Begin XCBuildConfiguration section */
		99638F9613F1CF740024CAF4 /* Debug */ = {
			isa = XCBuildConfiguration;
			buildSettings = {
				ARCHS = "$(ARCHS_STANDARD_32_64_BIT)";
				GCC_C_LANGUAGE_STANDARD = gnu99;
				GCC_OPTIMIZATION_LEVEL = 0;
				GCC_PREPROCESSOR_DEFINITIONS = DEBUG;
				GCC_SYMBOLS_PRIVATE_EXTERN = NO;
				GCC_VERSION = com.apple.compilers.llvm.clang.1_0;
				GCC_WARN_64_TO_32_BIT_CONVERSION = YES;
				GCC_WARN_ABOUT_RETURN_TYPE = YES;
				GCC_WARN_UNUSED_VARIABLE = YES;
				MACOSX_DEPLOYMENT_TARGET = 10.6;
				ONLY_ACTIVE_ARCH = YES;
				QCC_ALLJOYN_CORE_DIR = ../../..;
				SDKROOT = macosx;
			};
			name = Debug;
		};
		99638F9713F1CF740024CAF4 /* Release */ = {
			isa = XCBuildConfiguration;
			buildSettings = {
				ARCHS = "$(ARCHS_STANDARD_32_64_BIT)";
				GCC_C_LANGUAGE_STANDARD = gnu99;
				GCC_VERSION = com.apple.compilers.llvm.clang.1_0;
				GCC_WARN_64_TO_32_BIT_CONVERSION = YES;
				GCC_WARN_ABOUT_RETURN_TYPE = YES;
				GCC_WARN_UNUSED_VARIABLE = YES;
				MACOSX_DEPLOYMENT_TARGET = 10.6;
				QCC_ALLJOYN_CORE_DIR = ../../..;
				SDKROOT = macosx;
			};
			name = Release;
		};
		99638FC213F1D20F0024CAF4 /* Debug */ = {
			isa = XCBuildConfiguration;
			buildSettings = {
				ALWAYS_SEARCH_USER_PATHS = NO;
				COPY_PHASE_STRIP = NO;
				DYLIB_COMPATIBILITY_VERSION = 1;
				DYLIB_CURRENT_VERSION = 1;
				FRAMEWORK_VERSION = A;
				GCC_DYNAMIC_NO_PIC = NO;
				GCC_ENABLE_OBJC_EXCEPTIONS = YES;
				GCC_PRECOMPILE_PREFIX_HEADER = YES;
				GCC_PREFIX_HEADER = "AllJoynFramework/AllJoynFramework-Prefix.pch";
				INFOPLIST_FILE = "AllJoynFramework/AllJoynFramework-Info.plist";
				INSTALL_PATH = "@loader_path/../Frameworks";
				LIBRARY_SEARCH_PATHS = (
					"$(inherited)",
					"\"$(SRCROOT)/../../../build/darwin/x86/debug/dist/lib\"",
				);
				PRODUCT_NAME = AllJoyn;
				SKIP_INSTALL = YES;
				WRAPPER_EXTENSION = framework;
			};
			name = Debug;
		};
		99638FC313F1D20F0024CAF4 /* Release */ = {
			isa = XCBuildConfiguration;
			buildSettings = {
				ALWAYS_SEARCH_USER_PATHS = NO;
				COPY_PHASE_STRIP = YES;
				DEBUG_INFORMATION_FORMAT = "dwarf-with-dsym";
				DYLIB_COMPATIBILITY_VERSION = 1;
				DYLIB_CURRENT_VERSION = 1;
				FRAMEWORK_VERSION = A;
				GCC_ENABLE_OBJC_EXCEPTIONS = YES;
				GCC_PRECOMPILE_PREFIX_HEADER = YES;
				GCC_PREFIX_HEADER = "AllJoynFramework/AllJoynFramework-Prefix.pch";
				INFOPLIST_FILE = "AllJoynFramework/AllJoynFramework-Info.plist";
				INSTALL_PATH = "@loader_path/../Frameworks";
				LIBRARY_SEARCH_PATHS = (
					"$(inherited)",
					"\"$(SRCROOT)/../../../build/darwin/x86/debug/dist/lib\"",
				);
				PRODUCT_NAME = AllJoyn;
				SKIP_INSTALL = YES;
				WRAPPER_EXTENSION = framework;
			};
			name = Release;
		};
		99638FC613F1D4B60024CAF4 /* Debug */ = {
			isa = XCBuildConfiguration;
			buildSettings = {
				ALWAYS_SEARCH_USER_PATHS = NO;
				COPY_PHASE_STRIP = NO;
				DEBUGGING_SYMBOLS = YES;
				GCC_DYNAMIC_NO_PIC = NO;
				GCC_ENABLE_OBJC_EXCEPTIONS = YES;
				GCC_GENERATE_DEBUGGING_SYMBOLS = YES;
				GCC_OPTIMIZATION_LEVEL = 0;
				OTHER_CFLAGS = "";
				OTHER_LDFLAGS = "";
				PRODUCT_NAME = "$(TARGET_NAME)";
			};
			name = Debug;
		};
		99638FC713F1D4B60024CAF4 /* Release */ = {
			isa = XCBuildConfiguration;
			buildSettings = {
				ALWAYS_SEARCH_USER_PATHS = NO;
				COPY_PHASE_STRIP = YES;
				DEBUG_INFORMATION_FORMAT = "dwarf-with-dsym";
				GCC_ENABLE_OBJC_EXCEPTIONS = YES;
				OTHER_CFLAGS = "";
				OTHER_LDFLAGS = "";
				PRODUCT_NAME = "$(TARGET_NAME)";
			};
			name = Release;
		};
/* End XCBuildConfiguration section */

/* Begin XCConfigurationList section */
		99638F7F13F1CF740024CAF4 /* Build configuration list for PBXProject "AllJoyn" */ = {
			isa = XCConfigurationList;
			buildConfigurations = (
				99638F9613F1CF740024CAF4 /* Debug */,
				99638F9713F1CF740024CAF4 /* Release */,
			);
			defaultConfigurationIsVisible = 0;
			defaultConfigurationName = Release;
		};
		99638FC113F1D20F0024CAF4 /* Build configuration list for PBXNativeTarget "AllJoynFramework" */ = {
			isa = XCConfigurationList;
			buildConfigurations = (
				99638FC213F1D20F0024CAF4 /* Debug */,
				99638FC313F1D20F0024CAF4 /* Release */,
			);
			defaultConfigurationIsVisible = 0;
			defaultConfigurationName = Release;
		};
		99638FC513F1D4B60024CAF4 /* Build configuration list for PBXLegacyTarget "AllJoynStaticLib" */ = {
			isa = XCConfigurationList;
			buildConfigurations = (
				99638FC613F1D4B60024CAF4 /* Debug */,
				99638FC713F1D4B60024CAF4 /* Release */,
			);
			defaultConfigurationIsVisible = 0;
			defaultConfigurationName = Release;
		};
/* End XCConfigurationList section */
	};
	rootObject = 99638F7C13F1CF740024CAF4 /* Project object */;
}
